// !$*UTF8*$!
{
	archiveVersion = 1;
	classes = {
	};
	objectVersion = 46;
	objects = {

/* Begin PBXBuildFile section */
		0384D54C1E3F665400821DDF /* Assets.xcassets in Resources */ = {isa = PBXBuildFile; fileRef = 0384D54B1E3F665400821DDF /* Assets.xcassets */; };
		0384D5581E3F667F00821DDF /* Alert.swift in Sources */ = {isa = PBXBuildFile; fileRef = 0384D5571E3F667F00821DDF /* Alert.swift */; };
		03EB86F21E406E1000F40CEF /* AppDelegate.swift in Sources */ = {isa = PBXBuildFile; fileRef = 03EB86F11E406E1000F40CEF /* AppDelegate.swift */; };
		03EB86F41E406E7C00F40CEF /* Main.storyboard in Resources */ = {isa = PBXBuildFile; fileRef = 03EB86F31E406E7C00F40CEF /* Main.storyboard */; };
		03EB86F61E406E9D00F40CEF /* ViewController.swift in Sources */ = {isa = PBXBuildFile; fileRef = 03EB86F51E406E9D00F40CEF /* ViewController.swift */; };
/* End PBXBuildFile section */

/* Begin PBXFileReference section */
		0384D5411E3F665400821DDF /* JazzyDemo.app */ = {isa = PBXFileReference; explicitFileType = wrapper.application; includeInIndex = 0; path = JazzyDemo.app; sourceTree = BUILT_PRODUCTS_DIR; };
		0384D54B1E3F665400821DDF /* Assets.xcassets */ = {isa = PBXFileReference; lastKnownFileType = folder.assetcatalog; path = Assets.xcassets; sourceTree = "<group>"; };
		0384D5501E3F665500821DDF /* Info.plist */ = {isa = PBXFileReference; lastKnownFileType = text.plist.xml; path = Info.plist; sourceTree = "<group>"; };
		0384D5571E3F667F00821DDF /* Alert.swift */ = {isa = PBXFileReference; fileEncoding = 4; lastKnownFileType = sourcecode.swift; path = Alert.swift; sourceTree = "<group>"; };
		03EB86F11E406E1000F40CEF /* AppDelegate.swift */ = {isa = PBXFileReference; fileEncoding = 4; lastKnownFileType = sourcecode.swift; path = AppDelegate.swift; sourceTree = "<group>"; };
		03EB86F31E406E7C00F40CEF /* Main.storyboard */ = {isa = PBXFileReference; fileEncoding = 4; lastKnownFileType = file.storyboard; path = Main.storyboard; sourceTree = "<group>"; };
		03EB86F51E406E9D00F40CEF /* ViewController.swift */ = {isa = PBXFileReference; fileEncoding = 4; lastKnownFileType = sourcecode.swift; path = ViewController.swift; sourceTree = "<group>"; };
/* End PBXFileReference section */

/* Begin PBXFrameworksBuildPhase section */
		0384D53E1E3F665400821DDF /* Frameworks */ = {
			isa = PBXFrameworksBuildPhase;
			buildActionMask = 2147483647;
			files = (
			);
			runOnlyForDeploymentPostprocessing = 0;
		};
/* End PBXFrameworksBuildPhase section */

/* Begin PBXGroup section */
		0384D5381E3F665400821DDF = {
			isa = PBXGroup;
			children = (
				0384D5431E3F665400821DDF /* JazzyDemo */,
				0384D5421E3F665400821DDF /* Products */,
			);
			sourceTree = "<group>";
		};
		0384D5421E3F665400821DDF /* Products */ = {
			isa = PBXGroup;
			children = (
				0384D5411E3F665400821DDF /* JazzyDemo.app */,
			);
			name = Products;
			sourceTree = "<group>";
		};
		0384D5431E3F665400821DDF /* JazzyDemo */ = {
			isa = PBXGroup;
			children = (
				03EB86F11E406E1000F40CEF /* AppDelegate.swift */,
				0384D5571E3F667F00821DDF /* Alert.swift */,
				03EB86F51E406E9D00F40CEF /* ViewController.swift */,
				03EB86F31E406E7C00F40CEF /* Main.storyboard */,
				0384D54B1E3F665400821DDF /* Assets.xcassets */,
				0384D5501E3F665500821DDF /* Info.plist */,
			);
			path = JazzyDemo;
			sourceTree = "<group>";
		};
/* End PBXGroup section */

/* Begin PBXNativeTarget section */
		0384D5401E3F665400821DDF /* JazzyDemo */ = {
			isa = PBXNativeTarget;
			buildConfigurationList = 0384D5531E3F665500821DDF /* Build configuration list for PBXNativeTarget "JazzyDemo" */;
			buildPhases = (
				0384D53D1E3F665400821DDF /* Sources */,
				0384D53E1E3F665400821DDF /* Frameworks */,
				0384D53F1E3F665400821DDF /* Resources */,
			);
			buildRules = (
			);
			dependencies = (
			);
			name = JazzyDemo;
			productName = JazzyDemo;
			productReference = 0384D5411E3F665400821DDF /* JazzyDemo.app */;
			productType = "com.apple.product-type.application";
		};
/* End PBXNativeTarget section */

/* Begin PBXProject section */
		0384D5391E3F665400821DDF /* Project object */ = {
			isa = PBXProject;
			attributes = {
				LastSwiftUpdateCheck = 0820;
				LastUpgradeCheck = 0820;
				ORGANIZATIONNAME = "Yudiz Solutions Pvt. Ltd.";
				TargetAttributes = {
					0384D5401E3F665400821DDF = {
						CreatedOnToolsVersion = 8.2;
						DevelopmentTeam = TK39262Y4K;
						LastSwiftMigration = 0820;
						ProvisioningStyle = Manual;
					};
				};
			};
			buildConfigurationList = 0384D53C1E3F665400821DDF /* Build configuration list for PBXProject "JazzyDemo" */;
			compatibilityVersion = "Xcode 3.2";
			developmentRegion = English;
			hasScannedForEncodings = 0;
			knownRegions = (
				en,
				Base,
			);
			mainGroup = 0384D5381E3F665400821DDF;
			productRefGroup = 0384D5421E3F665400821DDF /* Products */;
			projectDirPath = "";
			projectRoot = "";
			targets = (
				0384D5401E3F665400821DDF /* JazzyDemo */,
			);
		};
/* End PBXProject section */

/* Begin PBXResourcesBuildPhase section */
		0384D53F1E3F665400821DDF /* Resources */ = {
			isa = PBXResourcesBuildPhase;
			buildActionMask = 2147483647;
			files = (
				0384D54C1E3F665400821DDF /* Assets.xcassets in Resources */,
				03EB86F41E406E7C00F40CEF /* Main.storyboard in Resources */,
			);
			runOnlyForDeploymentPostprocessing = 0;
		};
/* End PBXResourcesBuildPhase section */

/* Begin PBXSourcesBuildPhase section */
		0384D53D1E3F665400821DDF /* Sources */ = {
			isa = PBXSourcesBuildPhase;
			buildActionMask = 2147483647;
			files = (
				03EB86F61E406E9D00F40CEF /* ViewController.swift in Sources */,
				03EB86F21E406E1000F40CEF /* AppDelegate.swift in Sources */,
				0384D5581E3F667F00821DDF /* Alert.swift in Sources */,
			);
			runOnlyForDeploymentPostprocessing = 0;
		};
/* End PBXSourcesBuildPhase section */

/* Begin XCBuildConfiguration section */
		0384D5511E3F665500821DDF /* Debug */ = {
			isa = XCBuildConfiguration;
			buildSettings = {
				ALWAYS_SEARCH_USER_PATHS = NO;
				CLANG_ANALYZER_NONNULL = YES;
				CLANG_CXX_LANGUAGE_STANDARD = "gnu++0x";
				CLANG_CXX_LIBRARY = "libc++";
				CLANG_ENABLE_MODULES = YES;
				CLANG_ENABLE_OBJC_ARC = YES;
				CLANG_WARN_BOOL_CONVERSION = YES;
				CLANG_WARN_CONSTANT_CONVERSION = YES;
				CLANG_WARN_DIRECT_OBJC_ISA_USAGE = YES_ERROR;
				CLANG_WARN_DOCUMENTATION_COMMENTS = YES;
				CLANG_WARN_EMPTY_BODY = YES;
				CLANG_WARN_ENUM_CONVERSION = YES;
				CLANG_WARN_INFINITE_RECURSION = YES;
				CLANG_WARN_INT_CONVERSION = YES;
				CLANG_WARN_OBJC_ROOT_CLASS = YES_ERROR;
				CLANG_WARN_SUSPICIOUS_MOVE = YES;
				CLANG_WARN_UNREACHABLE_CODE = YES;
				CLANG_WARN__DUPLICATE_METHOD_MATCH = YES;
				"CODE_SIGN_IDENTITY[sdk=iphoneos*]" = "iPhone Developer";
				COPY_PHASE_STRIP = NO;
				DEBUG_INFORMATION_FORMAT = dwarf;
				ENABLE_STRICT_OBJC_MSGSEND = YES;
				ENABLE_TESTABILITY = YES;
				GCC_C_LANGUAGE_STANDARD = gnu99;
				GCC_DYNAMIC_NO_PIC = NO;
				GCC_NO_COMMON_BLOCKS = YES;
				GCC_OPTIMIZATION_LEVEL = 0;
				GCC_PREPROCESSOR_DEFINITIONS = (
					"DEBUG=1",
					"$(inherited)",
				);
				GCC_WARN_64_TO_32_BIT_CONVERSION = YES;
				GCC_WARN_ABOUT_RETURN_TYPE = YES_ERROR;
				GCC_WARN_UNDECLARED_SELECTOR = YES;
				GCC_WARN_UNINITIALIZED_AUTOS = YES_AGGRESSIVE;
				GCC_WARN_UNUSED_FUNCTION = YES;
				GCC_WARN_UNUSED_VARIABLE = YES;
				IPHONEOS_DEPLOYMENT_TARGET = 10.2;
				MTL_ENABLE_DEBUG_INFO = YES;
				ONLY_ACTIVE_ARCH = YES;
				SDKROOT = iphoneos;
				SWIFT_ACTIVE_COMPILATION_CONDITIONS = DEBUG;
				SWIFT_OPTIMIZATION_LEVEL = "-Onone";
			};
			name = Debug;
		};
		0384D5521E3F665500821DDF /* Release */ = {
			isa = XCBuildConfiguration;
			buildSettings = {
				ALWAYS_SEARCH_USER_PATHS = NO;
				CLANG_ANALYZER_NONNULL = YES;
				CLANG_CXX_LANGUAGE_STANDARD = "gnu++0x";
				CLANG_CXX_LIBRARY = "libc++";
				CLANG_ENABLE_MODULES = YES;
				CLANG_ENABLE_OBJC_ARC = YES;
				CLANG_WARN_BOOL_CONVERSION = YES;
				CLANG_WARN_CONSTANT_CONVERSION = YES;
				CLANG_WARN_DIRECT_OBJC_ISA_USAGE = YES_ERROR;
				CLANG_WARN_DOCUMENTATION_COMMENTS = YES;
				CLANG_WARN_EMPTY_BODY = YES;
				CLANG_WARN_ENUM_CONVERSION = YES;
				CLANG_WARN_INFINITE_RECURSION = YES;
				CLANG_WARN_INT_CONVERSION = YES;
				CLANG_WARN_OBJC_ROOT_CLASS = YES_ERROR;
				CLANG_WARN_SUSPICIOUS_MOVE = YES;
				CLANG_WARN_UNREACHABLE_CODE = YES;
				CLANG_WARN__DUPLICATE_METHOD_MATCH = YES;
				"CODE_SIGN_IDENTITY[sdk=iphoneos*]" = "iPhone Developer";
				COPY_PHASE_STRIP = NO;
				DEBUG_INFORMATION_FORMAT = "dwarf-with-dsym";
				ENABLE_NS_ASSERTIONS = NO;
				ENABLE_STRICT_OBJC_MSGSEND = YES;
				GCC_C_LANGUAGE_STANDARD = gnu99;
				GCC_NO_COMMON_BLOCKS = YES;
				GCC_WARN_64_TO_32_BIT_CONVERSION = YES;
				GCC_WARN_ABOUT_RETURN_TYPE = YES_ERROR;
				GCC_WARN_UNDECLARED_SELECTOR = YES;
				GCC_WARN_UNINITIALIZED_AUTOS = YES_AGGRESSIVE;
				GCC_WARN_UNUSED_FUNCTION = YES;
				GCC_WARN_UNUSED_VARIABLE = YES;
				IPHONEOS_DEPLOYMENT_TARGET = 10.2;
				MTL_ENABLE_DEBUG_INFO = NO;
				SDKROOT = iphoneos;
				SWIFT_OPTIMIZATION_LEVEL = "-Owholemodule";
				VALIDATE_PRODUCT = YES;
			};
			name = Release;
		};
		0384D5541E3F665500821DDF /* Debug */ = {
			isa = XCBuildConfiguration;
			buildSettings = {
				ASSETCATALOG_COMPILER_APPICON_NAME = AppIcon;
				CLANG_ENABLE_MODULES = YES;
				"CODE_SIGN_IDENTITY[sdk=iphoneos*]" = "iPhone Distribution";
				DEVELOPMENT_TEAM = TK39262Y4K;
				INFOPLIST_FILE = JazzyDemo/Info.plist;
				LD_RUNPATH_SEARCH_PATHS = "$(inherited) @executable_path/Frameworks";
				PRODUCT_BUNDLE_IDENTIFIER = com.yudiz.JazzyDemo;
				PRODUCT_NAME = "$(TARGET_NAME)";
				PROVISIONING_PROFILE = "b2099d45-b18d-4fe7-8b6f-3bb4f92c7f46";
				PROVISIONING_PROFILE_SPECIFIER = "Wildcard ENT";
				SWIFT_OBJC_BRIDGING_HEADER = "";
				SWIFT_OPTIMIZATION_LEVEL = "-Onone";
				SWIFT_VERSION = 3.0;
			};
			name = Debug;
		};
		0384D5551E3F665500821DDF /* Release */ = {
			isa = XCBuildConfiguration;
			buildSettings = {
				ASSETCATALOG_COMPILER_APPICON_NAME = AppIcon;
				CLANG_ENABLE_MODULES = YES;
				"CODE_SIGN_IDENTITY[sdk=iphoneos*]" = "iPhone Distribution";
				DEVELOPMENT_TEAM = TK39262Y4K;
				INFOPLIST_FILE = JazzyDemo/Info.plist;
				LD_RUNPATH_SEARCH_PATHS = "$(inherited) @executable_path/Frameworks";
				PRODUCT_BUNDLE_IDENTIFIER = com.yudiz.JazzyDemo;
				PRODUCT_NAME = "$(TARGET_NAME)";
				PROVISIONING_PROFILE = "b2099d45-b18d-4fe7-8b6f-3bb4f92c7f46";
				PROVISIONING_PROFILE_SPECIFIER = "Wildcard ENT";
				SWIFT_OBJC_BRIDGING_HEADER = "";
				SWIFT_VERSION = 3.0;
			};
			name = Release;
		};
/* End XCBuildConfiguration section */

/* Begin XCConfigurationList section */
		0384D53C1E3F665400821DDF /* Build configuration list for PBXProject "JazzyDemo" */ = {
			isa = XCConfigurationList;
			buildConfigurations = (
				0384D5511E3F665500821DDF /* Debug */,
				0384D5521E3F665500821DDF /* Release */,
			);
			defaultConfigurationIsVisible = 0;
			defaultConfigurationName = Release;
		};
		0384D5531E3F665500821DDF /* Build configuration list for PBXNativeTarget "JazzyDemo" */ = {
			isa = XCConfigurationList;
			buildConfigurations = (
				0384D5541E3F665500821DDF /* Debug */,
				0384D5551E3F665500821DDF /* Release */,
			);
			defaultConfigurationIsVisible = 0;
			defaultConfigurationName = Release;
		};
/* End XCConfigurationList section */
	};
	rootObject = 0384D5391E3F665400821DDF /* Project object */;
}
